{"format_version":"1.2","terraform_version":"1.8.2","variables":{"configurations":{"value":{"dynamodb_table":{"attributes":[{"name":"id","type":"S"}],"billing_mode":"PAY_PER_REQUEST","hash_key":"id","table_name":"my-dynamodb-table"},"s3_bucket":{"bucket_prefix":"my-unique-bucket","versioning_enabled":false}}}},"planned_values":{"outputs":{"dynamodb_table_name":{"sensitive":false,"type":"string","value":"my-dynamodb-table"},"s3_bucket_name":{"sensitive":false}},"root_module":{"resources":[{"address":"aws_dynamodb_table.table","mode":"managed","type":"aws_dynamodb_table","name":"table","provider_name":"registry.terraform.io/hashicorp/aws","schema_version":1,"values":{"attribute":[{"name":"id","type":"S"}],"billing_mode":"PAY_PER_REQUEST","deletion_protection_enabled":null,"global_secondary_index":[],"hash_key":"id","import_table":[],"local_secondary_index":[],"name":"my-dynamodb-table","range_key":null,"replica":[],"restore_date_time":null,"restore_source_name":null,"restore_source_table_arn":null,"restore_to_latest_time":null,"stream_enabled":null,"table_class":null,"tags":null,"timeouts":null},"sensitive_values":{"attribute":[{}],"global_secondary_index":[],"import_table":[],"local_secondary_index":[],"point_in_time_recovery":[],"replica":[],"server_side_encryption":[],"tags_all":{},"ttl":[]}},{"address":"aws_s3_bucket.bucket","mode":"managed","type":"aws_s3_bucket","name":"bucket","provider_name":"registry.terraform.io/hashicorp/aws","schema_version":0,"values":{"force_destroy":false,"tags":null,"timeouts":null,"versioning":[{"enabled":false,"mfa_delete":false}]},"sensitive_values":{"cors_rule":[],"grant":[],"lifecycle_rule":[],"logging":[],"object_lock_configuration":[],"replication_configuration":[],"server_side_encryption_configuration":[],"tags_all":{},"versioning":[{}],"website":[]}},{"address":"random_string.bucket_suffix","mode":"managed","type":"random_string","name":"bucket_suffix","provider_name":"registry.terraform.io/hashicorp/random","schema_version":2,"values":{"keepers":null,"length":8,"lower":true,"min_lower":0,"min_numeric":0,"min_special":0,"min_upper":0,"number":true,"numeric":true,"override_special":null,"special":false,"upper":false},"sensitive_values":{}}]}},"resource_changes":[{"address":"aws_dynamodb_table.table","mode":"managed","type":"aws_dynamodb_table","name":"table","provider_name":"registry.terraform.io/hashicorp/aws","change":{"actions":["create"],"before":null,"after":{"attribute":[{"name":"id","type":"S"}],"billing_mode":"PAY_PER_REQUEST","deletion_protection_enabled":null,"global_secondary_index":[],"hash_key":"id","import_table":[],"local_secondary_index":[],"name":"my-dynamodb-table","range_key":null,"replica":[],"restore_date_time":null,"restore_source_name":null,"restore_source_table_arn":null,"restore_to_latest_time":null,"stream_enabled":null,"table_class":null,"tags":null,"timeouts":null},"after_unknown":{"arn":true,"attribute":[{}],"global_secondary_index":[],"id":true,"import_table":[],"local_secondary_index":[],"point_in_time_recovery":true,"read_capacity":true,"replica":[],"server_side_encryption":true,"stream_arn":true,"stream_label":true,"stream_view_type":true,"tags_all":true,"ttl":true,"write_capacity":true},"before_sensitive":false,"after_sensitive":{"attribute":[{}],"global_secondary_index":[],"import_table":[],"local_secondary_index":[],"point_in_time_recovery":[],"replica":[],"server_side_encryption":[],"tags_all":{},"ttl":[]}}},{"address":"aws_s3_bucket.bucket","mode":"managed","type":"aws_s3_bucket","name":"bucket","provider_name":"registry.terraform.io/hashicorp/aws","change":{"actions":["create"],"before":null,"after":{"force_destroy":false,"tags":null,"timeouts":null,"versioning":[{"enabled":false,"mfa_delete":false}]},"after_unknown":{"acceleration_status":true,"acl":true,"arn":true,"bucket":true,"bucket_domain_name":true,"bucket_prefix":true,"bucket_regional_domain_name":true,"cors_rule":true,"grant":true,"hosted_zone_id":true,"id":true,"lifecycle_rule":true,"logging":true,"object_lock_configuration":true,"object_lock_enabled":true,"policy":true,"region":true,"replication_configuration":true,"request_payer":true,"server_side_encryption_configuration":true,"tags_all":true,"versioning":[{}],"website":true,"website_domain":true,"website_endpoint":true},"before_sensitive":false,"after_sensitive":{"cors_rule":[],"grant":[],"lifecycle_rule":[],"logging":[],"object_lock_configuration":[],"replication_configuration":[],"server_side_encryption_configuration":[],"tags_all":{},"versioning":[{}],"website":[]}}},{"address":"random_string.bucket_suffix","mode":"managed","type":"random_string","name":"bucket_suffix","provider_name":"registry.terraform.io/hashicorp/random","change":{"actions":["create"],"before":null,"after":{"keepers":null,"length":8,"lower":true,"min_lower":0,"min_numeric":0,"min_special":0,"min_upper":0,"number":true,"numeric":true,"override_special":null,"special":false,"upper":false},"after_unknown":{"id":true,"result":true},"before_sensitive":false,"after_sensitive":{}}}],"output_changes":{"dynamodb_table_name":{"actions":["create"],"before":null,"after":"my-dynamodb-table","after_unknown":false,"before_sensitive":false,"after_sensitive":false},"s3_bucket_name":{"actions":["create"],"before":null,"after_unknown":true,"before_sensitive":false,"after_sensitive":false}},"prior_state":{"format_version":"1.0","terraform_version":"1.8.2","values":{"outputs":{"dynamodb_table_name":{"sensitive":false,"value":"my-dynamodb-table","type":"string"}},"root_module":{}}},"configuration":{"provider_config":{"aws":{"name":"aws","full_name":"registry.terraform.io/hashicorp/aws","expressions":{"region":{"constant_value":"us-east-1"}}},"random":{"name":"random","full_name":"registry.terraform.io/hashicorp/random"}},"root_module":{"outputs":{"dynamodb_table_name":{"expression":{"references":["aws_dynamodb_table.table.name","aws_dynamodb_table.table"]}},"s3_bucket_name":{"expression":{"references":["aws_s3_bucket.bucket.id","aws_s3_bucket.bucket"]}}},"resources":[{"address":"aws_dynamodb_table.table","mode":"managed","type":"aws_dynamodb_table","name":"table","provider_config_key":"aws","expressions":{"billing_mode":{"references":["var.configurations.dynamodb_table.billing_mode","var.configurations.dynamodb_table","var.configurations"]},"hash_key":{"references":["var.configurations.dynamodb_table.hash_key","var.configurations.dynamodb_table","var.configurations"]},"name":{"references":["var.configurations.dynamodb_table.table_name","var.configurations.dynamodb_table","var.configurations"]}},"schema_version":1},{"address":"aws_s3_bucket.bucket","mode":"managed","type":"aws_s3_bucket","name":"bucket","provider_config_key":"aws","expressions":{"bucket":{"references":["var.configurations.s3_bucket.bucket_prefix","var.configurations.s3_bucket","var.configurations","random_string.bucket_suffix.result","random_string.bucket_suffix"]},"versioning":[{"enabled":{"references":["var.configurations.s3_bucket.versioning_enabled","var.configurations.s3_bucket","var.configurations"]}}]},"schema_version":0},{"address":"random_string.bucket_suffix","mode":"managed","type":"random_string","name":"bucket_suffix","provider_config_key":"random","expressions":{"length":{"constant_value":8},"special":{"constant_value":false},"upper":{"constant_value":false}},"schema_version":2}],"variables":{"configurations":{"default":{"dynamodb_table":{"attributes":[{"name":"id","type":"S"}],"billing_mode":"PAY_PER_REQUEST","hash_key":"id","table_name":"my-dynamodb-table"},"s3_bucket":{"bucket_prefix":"my-unique-bucket","versioning_enabled":false}}}}}},"relevant_attributes":[{"resource":"random_string.bucket_suffix","attribute":["result"]},{"resource":"aws_dynamodb_table.table","attribute":["name"]},{"resource":"aws_s3_bucket.bucket","attribute":["id"]}],"timestamp":"2024-09-20T21:17:44Z","applyable":true,"complete":true,"errored":false}
